
Microsoft Visual Studio Solution File, Format Version 12.00
# Visual Studio 2013
VisualStudioVersion = 12.0.30501.0
MinimumVisualStudioVersion = 10.0.40219.1
Project("{FAE04EC0-301F-11D3-BF4B-00C04F79EFBC}") = "UniteGPS", "UniteGPS\UniteGPS.csproj", "{2C7A8CEB-A080-4431-884D-D0157280672B}"
EndProject
Project("{FAE04EC0-301F-11D3-BF4B-00C04F79EFBC}") = "UniteGPS.iOS", "iOS\UniteGPS.iOS.csproj", "{D1816CFC-25C0-4461-B84E-72BBD3E61210}"
EndProject
Project("{FAE04EC0-301F-11D3-BF4B-00C04F79EFBC}") = "UniteGPS.Android", "Android\UniteGPS.Android.csproj", "{E8559F40-ED3F-4C10-90B1-E7FE2AF0D613}"
EndProject
Global
	GlobalSection(SolutionConfigurationPlatforms) = preSolution
		Ad-Hoc|Any CPU = Ad-Hoc|Any CPU
		Ad-Hoc|iPhone = Ad-Hoc|iPhone
		Ad-Hoc|iPhoneSimulator = Ad-Hoc|iPhoneSimulator
		AppStore|Any CPU = AppStore|Any CPU
		AppStore|iPhone = AppStore|iPhone
		AppStore|iPhoneSimulator = AppStore|iPhoneSimulator
		Debug|Any CPU = Debug|Any CPU
		Debug|iPhone = Debug|iPhone
		Debug|iPhoneSimulator = Debug|iPhoneSimulator
		Release|Any CPU = Release|Any CPU
		Release|iPhone = Release|iPhone
		Release|iPhoneSimulator = Release|iPhoneSimulator
	EndGlobalSection
	GlobalSection(ProjectConfigurationPlatforms) = postSolution
		{2C7A8CEB-A080-4431-884D-D0157280672B}.Ad-Hoc|Any CPU.ActiveCfg = Release|Any CPU
		{2C7A8CEB-A080-4431-884D-D0157280672B}.Ad-Hoc|Any CPU.Build.0 = Release|Any CPU
		{2C7A8CEB-A080-4431-884D-D0157280672B}.Ad-Hoc|iPhone.ActiveCfg = Debug|Any CPU
		{2C7A8CEB-A080-4431-884D-D0157280672B}.Ad-Hoc|iPhone.Build.0 = Debug|Any CPU
		{2C7A8CEB-A080-4431-884D-D0157280672B}.Ad-Hoc|iPhoneSimulator.ActiveCfg = Release|Any CPU
		{2C7A8CEB-A080-4431-884D-D0157280672B}.AppStore|Any CPU.ActiveCfg = Release|Any CPU
		{2C7A8CEB-A080-4431-884D-D0157280672B}.AppStore|Any CPU.Build.0 = Release|Any CPU
		{2C7A8CEB-A080-4431-884D-D0157280672B}.AppStore|iPhone.ActiveCfg = Debug|Any CPU
		{2C7A8CEB-A080-4431-884D-D0157280672B}.AppStore|iPhone.Build.0 = Debug|Any CPU
		{2C7A8CEB-A080-4431-884D-D0157280672B}.AppStore|iPhoneSimulator.ActiveCfg = Release|Any CPU
		{2C7A8CEB-A080-4431-884D-D0157280672B}.Debug|Any CPU.ActiveCfg = Debug|Any CPU
		{2C7A8CEB-A080-4431-884D-D0157280672B}.Debug|Any CPU.Build.0 = Debug|Any CPU
		{2C7A8CEB-A080-4431-884D-D0157280672B}.Debug|iPhone.ActiveCfg = Debug|Any CPU
		{2C7A8CEB-A080-4431-884D-D0157280672B}.Debug|iPhone.Build.0 = Debug|Any CPU
		{2C7A8CEB-A080-4431-884D-D0157280672B}.Debug|iPhoneSimulator.ActiveCfg = Debug|Any CPU
		{2C7A8CEB-A080-4431-884D-D0157280672B}.Debug|iPhoneSimulator.Build.0 = Debug|Any CPU
		{2C7A8CEB-A080-4431-884D-D0157280672B}.Release|Any CPU.ActiveCfg = Release|Any CPU
		{2C7A8CEB-A080-4431-884D-D0157280672B}.Release|Any CPU.Build.0 = Release|Any CPU
		{2C7A8CEB-A080-4431-884D-D0157280672B}.Release|iPhone.ActiveCfg = Release|Any CPU
		{2C7A8CEB-A080-4431-884D-D0157280672B}.Release|iPhone.Build.0 = Release|Any CPU
		{2C7A8CEB-A080-4431-884D-D0157280672B}.Release|iPhoneSimulator.ActiveCfg = Release|Any CPU
		{2C7A8CEB-A080-4431-884D-D0157280672B}.Release|iPhoneSimulator.Build.0 = Release|Any CPU
		{D1816CFC-25C0-4461-B84E-72BBD3E61210}.Ad-Hoc|Any CPU.ActiveCfg = Ad-Hoc|iPhoneSimulator
		{D1816CFC-25C0-4461-B84E-72BBD3E61210}.Ad-Hoc|iPhone.ActiveCfg = Ad-Hoc|iPhone
		{D1816CFC-25C0-4461-B84E-72BBD3E61210}.Ad-Hoc|iPhone.Build.0 = Ad-Hoc|iPhone
		{D1816CFC-25C0-4461-B84E-72BBD3E61210}.Ad-Hoc|iPhoneSimulator.ActiveCfg = Ad-Hoc|iPhoneSimulator
		{D1816CFC-25C0-4461-B84E-72BBD3E61210}.Ad-Hoc|iPhoneSimulator.Build.0 = Ad-Hoc|iPhoneSimulator
		{D1816CFC-25C0-4461-B84E-72BBD3E61210}.AppStore|Any CPU.ActiveCfg = AppStore|iPhoneSimulator
		{D1816CFC-25C0-4461-B84E-72BBD3E61210}.AppStore|iPhone.ActiveCfg = AppStore|iPhone
		{D1816CFC-25C0-4461-B84E-72BBD3E61210}.AppStore|iPhone.Build.0 = AppStore|iPhone
		{D1816CFC-25C0-4461-B84E-72BBD3E61210}.AppStore|iPhoneSimulator.ActiveCfg = AppStore|iPhoneSimulator
		{D1816CFC-25C0-4461-B84E-72BBD3E61210}.AppStore|iPhoneSimulator.Build.0 = AppStore|iPhoneSimulator
		{D1816CFC-25C0-4461-B84E-72BBD3E61210}.Debug|Any CPU.ActiveCfg = Debug|iPhoneSimulator
		{D1816CFC-25C0-4461-B84E-72BBD3E61210}.Debug|Any CPU.Build.0 = Debug|iPhoneSimulator
		{D1816CFC-25C0-4461-B84E-72BBD3E61210}.Debug|iPhone.ActiveCfg = Debug|iPhone
		{D1816CFC-25C0-4461-B84E-72BBD3E61210}.Debug|iPhone.Build.0 = Debug|iPhone
		{D1816CFC-25C0-4461-B84E-72BBD3E61210}.Debug|iPhoneSimulator.ActiveCfg = Debug|iPhoneSimulator
		{D1816CFC-25C0-4461-B84E-72BBD3E61210}.Debug|iPhoneSimulator.Build.0 = Debug|iPhoneSimulator
		{D1816CFC-25C0-4461-B84E-72BBD3E61210}.Release|Any CPU.ActiveCfg = Release|iPhoneSimulator
		{D1816CFC-25C0-4461-B84E-72BBD3E61210}.Release|Any CPU.Build.0 = Release|iPhoneSimulator
		{D1816CFC-25C0-4461-B84E-72BBD3E61210}.Release|iPhone.ActiveCfg = Release|iPhone
		{D1816CFC-25C0-4461-B84E-72BBD3E61210}.Release|iPhone.Build.0 = Release|iPhone
		{D1816CFC-25C0-4461-B84E-72BBD3E61210}.Release|iPhoneSimulator.ActiveCfg = Release|iPhoneSimulator
		{D1816CFC-25C0-4461-B84E-72BBD3E61210}.Release|iPhoneSimulator.Build.0 = Release|iPhoneSimulator
		{E8559F40-ED3F-4C10-90B1-E7FE2AF0D613}.Ad-Hoc|Any CPU.ActiveCfg = Release|Any CPU
		{E8559F40-ED3F-4C10-90B1-E7FE2AF0D613}.Ad-Hoc|Any CPU.Build.0 = Release|Any CPU
		{E8559F40-ED3F-4C10-90B1-E7FE2AF0D613}.Ad-Hoc|Any CPU.Deploy.0 = Release|Any CPU
		{E8559F40-ED3F-4C10-90B1-E7FE2AF0D613}.Ad-Hoc|iPhone.ActiveCfg = Debug|Any CPU
		{E8559F40-ED3F-4C10-90B1-E7FE2AF0D613}.Ad-Hoc|iPhone.Build.0 = Debug|Any CPU
		{E8559F40-ED3F-4C10-90B1-E7FE2AF0D613}.Ad-Hoc|iPhoneSimulator.ActiveCfg = Release|Any CPU
		{E8559F40-ED3F-4C10-90B1-E7FE2AF0D613}.AppStore|Any CPU.ActiveCfg = Release|Any CPU
		{E8559F40-ED3F-4C10-90B1-E7FE2AF0D613}.AppStore|Any CPU.Build.0 = Release|Any CPU
		{E8559F40-ED3F-4C10-90B1-E7FE2AF0D613}.AppStore|Any CPU.Deploy.0 = Release|Any CPU
		{E8559F40-ED3F-4C10-90B1-E7FE2AF0D613}.AppStore|iPhone.ActiveCfg = Debug|Any CPU
		{E8559F40-ED3F-4C10-90B1-E7FE2AF0D613}.AppStore|iPhone.Build.0 = Debug|Any CPU
		{E8559F40-ED3F-4C10-90B1-E7FE2AF0D613}.AppStore|iPhoneSimulator.ActiveCfg = Release|Any CPU
		{E8559F40-ED3F-4C10-90B1-E7FE2AF0D613}.Debug|Any CPU.ActiveCfg = Debug|Any CPU
		{E8559F40-ED3F-4C10-90B1-E7FE2AF0D613}.Debug|Any CPU.Build.0 = Debug|Any CPU
		{E8559F40-ED3F-4C10-90B1-E7FE2AF0D613}.Debug|iPhone.ActiveCfg = Debug|Any CPU
		{E8559F40-ED3F-4C10-90B1-E7FE2AF0D613}.Debug|iPhone.Build.0 = Debug|Any CPU
		{E8559F40-ED3F-4C10-90B1-E7FE2AF0D613}.Debug|iPhoneSimulator.ActiveCfg = Debug|Any CPU
		{E8559F40-ED3F-4C10-90B1-E7FE2AF0D613}.Debug|iPhoneSimulator.Build.0 = Debug|Any CPU
		{E8559F40-ED3F-4C10-90B1-E7FE2AF0D613}.Release|Any CPU.ActiveCfg = Release|Any CPU
		{E8559F40-ED3F-4C10-90B1-E7FE2AF0D613}.Release|Any CPU.Build.0 = Release|Any CPU
		{E8559F40-ED3F-4C10-90B1-E7FE2AF0D613}.Release|iPhone.ActiveCfg = Release|Any CPU
		{E8559F40-ED3F-4C10-90B1-E7FE2AF0D613}.Release|iPhone.Build.0 = Release|Any CPU
		{E8559F40-ED3F-4C10-90B1-E7FE2AF0D613}.Release|iPhoneSimulator.ActiveCfg = Release|Any CPU
		{E8559F40-ED3F-4C10-90B1-E7FE2AF0D613}.Release|iPhoneSimulator.Build.0 = Release|Any CPU
	EndGlobalSection
	GlobalSection(SolutionProperties) = preSolution
		HideSolutionNode = FALSE
	EndGlobalSection
EndGlobal
